// !$*UTF8*$!
{
	archiveVersion = 1;
	classes = {
	};
	objectVersion = 56;
	objects = {

/* Begin PBXBuildFile section */
		540402D82AC1821C0038A451 /* SubscriberClass.swift in Sources */ = {isa = PBXBuildFile; fileRef = 540402D72AC1821C0038A451 /* SubscriberClass.swift */; };
		54068BDB2AB750B0005CC3A6 /* AnimateFile.swift in Sources */ = {isa = PBXBuildFile; fileRef = 54068BDA2AB750B0005CC3A6 /* AnimateFile.swift */; };
		54068BDD2AB87EF5005CC3A6 /* ListView.swift in Sources */ = {isa = PBXBuildFile; fileRef = 54068BDC2AB87EF5005CC3A6 /* ListView.swift */; };
		5408C0662AB5BBB2001966B1 /* ShapeClass.swift in Sources */ = {isa = PBXBuildFile; fileRef = 5408C0652AB5BBB2001966B1 /* ShapeClass.swift */; };
		541135B02ADFB31C00D7E5DE /* ValueDescriptionView.swift in Sources */ = {isa = PBXBuildFile; fileRef = 541135AF2ADFB31C00D7E5DE /* ValueDescriptionView.swift */; };
		541135B22ADFC06D00D7E5DE /* HourlyBox.swift in Sources */ = {isa = PBXBuildFile; fileRef = 541135B12ADFC06D00D7E5DE /* HourlyBox.swift */; };
		54146F6B2AE1A11F009879F2 /* WeatherDetailedData.swift in Sources */ = {isa = PBXBuildFile; fileRef = 54146F6A2AE1A11F009879F2 /* WeatherDetailedData.swift */; };
		54146F6E2AE24F32009879F2 /* WeatherService.swift in Sources */ = {isa = PBXBuildFile; fileRef = 54146F6D2AE24F32009879F2 /* WeatherService.swift */; };
		54146F702AE25113009879F2 /* AppConstants.swift in Sources */ = {isa = PBXBuildFile; fileRef = 54146F6F2AE25113009879F2 /* AppConstants.swift */; };
		54146F732AE256FA009879F2 /* CityOverViewModel.swift in Sources */ = {isa = PBXBuildFile; fileRef = 54146F722AE256FA009879F2 /* CityOverViewModel.swift */; };
		54146F792AE26B8B009879F2 /* SDWebImageSwiftUI in Frameworks */ = {isa = PBXBuildFile; productRef = 54146F782AE26B8B009879F2 /* SDWebImageSwiftUI */; };
		54146F7B2AE28D01009879F2 /* WeatherData.swift in Sources */ = {isa = PBXBuildFile; fileRef = 54146F7A2AE28D01009879F2 /* WeatherData.swift */; };
		5419137C2AD52C88008B3E7C /* Localizable.strings in Resources */ = {isa = PBXBuildFile; fileRef = 5419137E2AD52C88008B3E7C /* Localizable.strings */; };
		541913832AD90D1F008B3E7C /* User.swift in Sources */ = {isa = PBXBuildFile; fileRef = 541913822AD90D1F008B3E7C /* User.swift */; };
		541913862AD91F46008B3E7C /* UserRow.swift in Sources */ = {isa = PBXBuildFile; fileRef = 541913852AD91F46008B3E7C /* UserRow.swift */; };
		541913882AD92E37008B3E7C /* UserList.swift in Sources */ = {isa = PBXBuildFile; fileRef = 541913872AD92E37008B3E7C /* UserList.swift */; };
		5419138B2AD9496B008B3E7C /* ApiService.swift in Sources */ = {isa = PBXBuildFile; fileRef = 5419138A2AD9496B008B3E7C /* ApiService.swift */; };
		5419138D2AD94EDD008B3E7C /* ListViewModel.swift in Sources */ = {isa = PBXBuildFile; fileRef = 5419138C2AD94EDD008B3E7C /* ListViewModel.swift */; };
		541913902ADD17BE008B3E7C /* LoaderView.swift in Sources */ = {isa = PBXBuildFile; fileRef = 5419138F2ADD17BE008B3E7C /* LoaderView.swift */; };
		548AC4BC2AB47A15006AA7A5 /* SwiftUIAppApp.swift in Sources */ = {isa = PBXBuildFile; fileRef = 548AC4BB2AB47A15006AA7A5 /* SwiftUIAppApp.swift */; };
		548AC4BE2AB47A15006AA7A5 /* ContentView.swift in Sources */ = {isa = PBXBuildFile; fileRef = 548AC4BD2AB47A15006AA7A5 /* ContentView.swift */; };
		548AC4C02AB47A18006AA7A5 /* Assets.xcassets in Resources */ = {isa = PBXBuildFile; fileRef = 548AC4BF2AB47A18006AA7A5 /* Assets.xcassets */; };
		548AC4C42AB47A18006AA7A5 /* Preview Assets.xcassets in Resources */ = {isa = PBXBuildFile; fileRef = 548AC4C32AB47A18006AA7A5 /* Preview Assets.xcassets */; };
		548AC4CE2AB47A18006AA7A5 /* SwiftUIAppTests.swift in Sources */ = {isa = PBXBuildFile; fileRef = 548AC4CD2AB47A18006AA7A5 /* SwiftUIAppTests.swift */; };
		548AC4D82AB47A18006AA7A5 /* SwiftUIAppUITests.swift in Sources */ = {isa = PBXBuildFile; fileRef = 548AC4D72AB47A18006AA7A5 /* SwiftUIAppUITests.swift */; };
		548AC4DA2AB47A18006AA7A5 /* SwiftUIAppUITestsLaunchTests.swift in Sources */ = {isa = PBXBuildFile; fileRef = 548AC4D92AB47A18006AA7A5 /* SwiftUIAppUITestsLaunchTests.swift */; };
		54A654AD2ADFDBB200BB1C26 /* CityOverview.swift in Sources */ = {isa = PBXBuildFile; fileRef = 54A654AC2ADFDBB200BB1C26 /* CityOverview.swift */; };
		54A654B02ADFDE4A00BB1C26 /* DummyViewModel.swift in Sources */ = {isa = PBXBuildFile; fileRef = 54A654AF2ADFDE4A00BB1C26 /* DummyViewModel.swift */; };
		54A654B32ADFDE9300BB1C26 /* DummyCityData.swift in Sources */ = {isa = PBXBuildFile; fileRef = 54A654B22ADFDE9300BB1C26 /* DummyCityData.swift */; };
		54A654B52ADFE9C100BB1C26 /* DailyForecast.swift in Sources */ = {isa = PBXBuildFile; fileRef = 54A654B42ADFE9C100BB1C26 /* DailyForecast.swift */; };
		54A654B72ADFF70300BB1C26 /* AllDaysForecast.swift in Sources */ = {isa = PBXBuildFile; fileRef = 54A654B62ADFF70300BB1C26 /* AllDaysForecast.swift */; };
		54AAAD942AB9C633006B03A8 /* TabViewDemo.swift in Sources */ = {isa = PBXBuildFile; fileRef = 54AAAD932AB9C633006B03A8 /* TabViewDemo.swift */; };
		54F7BCDF2ADFA9770088C25F /* WeatherHome.swift in Sources */ = {isa = PBXBuildFile; fileRef = 54F7BCDE2ADFA9770088C25F /* WeatherHome.swift */; };
		54F9BB752AE00AE200D50447 /* DailyRow.swift in Sources */ = {isa = PBXBuildFile; fileRef = 54F9BB742AE00AE200D50447 /* DailyRow.swift */; };
/* End PBXBuildFile section */

/* Begin PBXContainerItemProxy section */
		548AC4CA2AB47A18006AA7A5 /* PBXContainerItemProxy */ = {
			isa = PBXContainerItemProxy;
			containerPortal = 548AC4B02AB47A15006AA7A5 /* Project object */;
			proxyType = 1;
			remoteGlobalIDString = 548AC4B72AB47A15006AA7A5;
			remoteInfo = SwiftUIApp;
		};
		548AC4D42AB47A18006AA7A5 /* PBXContainerItemProxy */ = {
			isa = PBXContainerItemProxy;
			containerPortal = 548AC4B02AB47A15006AA7A5 /* Project object */;
			proxyType = 1;
			remoteGlobalIDString = 548AC4B72AB47A15006AA7A5;
			remoteInfo = SwiftUIApp;
		};
/* End PBXContainerItemProxy section */

/* Begin PBXFileReference section */
		540402D72AC1821C0038A451 /* SubscriberClass.swift */ = {isa = PBXFileReference; lastKnownFileType = sourcecode.swift; path = SubscriberClass.swift; sourceTree = "<group>"; };
		54068BDA2AB750B0005CC3A6 /* AnimateFile.swift */ = {isa = PBXFileReference; lastKnownFileType = sourcecode.swift; path = AnimateFile.swift; sourceTree = "<group>"; };
		54068BDC2AB87EF5005CC3A6 /* ListView.swift */ = {isa = PBXFileReference; lastKnownFileType = sourcecode.swift; path = ListView.swift; sourceTree = "<group>"; };
		5408C0652AB5BBB2001966B1 /* ShapeClass.swift */ = {isa = PBXFileReference; lastKnownFileType = sourcecode.swift; path = ShapeClass.swift; sourceTree = "<group>"; };
		541135AF2ADFB31C00D7E5DE /* ValueDescriptionView.swift */ = {isa = PBXFileReference; lastKnownFileType = sourcecode.swift; path = ValueDescriptionView.swift; sourceTree = "<group>"; };
		541135B12ADFC06D00D7E5DE /* HourlyBox.swift */ = {isa = PBXFileReference; lastKnownFileType = sourcecode.swift; path = HourlyBox.swift; sourceTree = "<group>"; };
		54146F6A2AE1A11F009879F2 /* WeatherDetailedData.swift */ = {isa = PBXFileReference; lastKnownFileType = sourcecode.swift; path = WeatherDetailedData.swift; sourceTree = "<group>"; };
		54146F6D2AE24F32009879F2 /* WeatherService.swift */ = {isa = PBXFileReference; lastKnownFileType = sourcecode.swift; path = WeatherService.swift; sourceTree = "<group>"; };
		54146F6F2AE25113009879F2 /* AppConstants.swift */ = {isa = PBXFileReference; lastKnownFileType = sourcecode.swift; path = AppConstants.swift; sourceTree = "<group>"; };
		54146F722AE256FA009879F2 /* CityOverViewModel.swift */ = {isa = PBXFileReference; lastKnownFileType = sourcecode.swift; path = CityOverViewModel.swift; sourceTree = "<group>"; };
		54146F7A2AE28D01009879F2 /* WeatherData.swift */ = {isa = PBXFileReference; lastKnownFileType = sourcecode.swift; path = WeatherData.swift; sourceTree = "<group>"; };
		5419137D2AD52C88008B3E7C /* en */ = {isa = PBXFileReference; lastKnownFileType = text.plist.strings; name = en; path = en.lproj/Localizable.strings; sourceTree = "<group>"; };
		5419137F2AD52CAA008B3E7C /* fr */ = {isa = PBXFileReference; lastKnownFileType = text.plist.strings; name = fr; path = fr.lproj/Localizable.strings; sourceTree = "<group>"; };
		541913822AD90D1F008B3E7C /* User.swift */ = {isa = PBXFileReference; lastKnownFileType = sourcecode.swift; path = User.swift; sourceTree = "<group>"; };
		541913852AD91F46008B3E7C /* UserRow.swift */ = {isa = PBXFileReference; lastKnownFileType = sourcecode.swift; path = UserRow.swift; sourceTree = "<group>"; };
		541913872AD92E37008B3E7C /* UserList.swift */ = {isa = PBXFileReference; lastKnownFileType = sourcecode.swift; path = UserList.swift; sourceTree = "<group>"; };
		5419138A2AD9496B008B3E7C /* ApiService.swift */ = {isa = PBXFileReference; lastKnownFileType = sourcecode.swift; path = ApiService.swift; sourceTree = "<group>"; };
		5419138C2AD94EDD008B3E7C /* ListViewModel.swift */ = {isa = PBXFileReference; lastKnownFileType = sourcecode.swift; path = ListViewModel.swift; sourceTree = "<group>"; };
		5419138F2ADD17BE008B3E7C /* LoaderView.swift */ = {isa = PBXFileReference; lastKnownFileType = sourcecode.swift; path = LoaderView.swift; sourceTree = "<group>"; };
		548AC4B82AB47A15006AA7A5 /* SwiftUIApp.app */ = {isa = PBXFileReference; explicitFileType = wrapper.application; includeInIndex = 0; path = SwiftUIApp.app; sourceTree = BUILT_PRODUCTS_DIR; };
		548AC4BB2AB47A15006AA7A5 /* SwiftUIAppApp.swift */ = {isa = PBXFileReference; lastKnownFileType = sourcecode.swift; path = SwiftUIAppApp.swift; sourceTree = "<group>"; };
		548AC4BD2AB47A15006AA7A5 /* ContentView.swift */ = {isa = PBXFileReference; lastKnownFileType = sourcecode.swift; path = ContentView.swift; sourceTree = "<group>"; };
		548AC4BF2AB47A18006AA7A5 /* Assets.xcassets */ = {isa = PBXFileReference; lastKnownFileType = folder.assetcatalog; path = Assets.xcassets; sourceTree = "<group>"; };
		548AC4C12AB47A18006AA7A5 /* SwiftUIApp.entitlements */ = {isa = PBXFileReference; lastKnownFileType = text.plist.entitlements; path = SwiftUIApp.entitlements; sourceTree = "<group>"; };
		548AC4C32AB47A18006AA7A5 /* Preview Assets.xcassets */ = {isa = PBXFileReference; lastKnownFileType = folder.assetcatalog; path = "Preview Assets.xcassets"; sourceTree = "<group>"; };
		548AC4C92AB47A18006AA7A5 /* SwiftUIAppTests.xctest */ = {isa = PBXFileReference; explicitFileType = wrapper.cfbundle; includeInIndex = 0; path = SwiftUIAppTests.xctest; sourceTree = BUILT_PRODUCTS_DIR; };
		548AC4CD2AB47A18006AA7A5 /* SwiftUIAppTests.swift */ = {isa = PBXFileReference; lastKnownFileType = sourcecode.swift; path = SwiftUIAppTests.swift; sourceTree = "<group>"; };
		548AC4D32AB47A18006AA7A5 /* SwiftUIAppUITests.xctest */ = {isa = PBXFileReference; explicitFileType = wrapper.cfbundle; includeInIndex = 0; path = SwiftUIAppUITests.xctest; sourceTree = BUILT_PRODUCTS_DIR; };
		548AC4D72AB47A18006AA7A5 /* SwiftUIAppUITests.swift */ = {isa = PBXFileReference; lastKnownFileType = sourcecode.swift; path = SwiftUIAppUITests.swift; sourceTree = "<group>"; };
		548AC4D92AB47A18006AA7A5 /* SwiftUIAppUITestsLaunchTests.swift */ = {isa = PBXFileReference; lastKnownFileType = sourcecode.swift; path = SwiftUIAppUITestsLaunchTests.swift; sourceTree = "<group>"; };
		54A654AC2ADFDBB200BB1C26 /* CityOverview.swift */ = {isa = PBXFileReference; lastKnownFileType = sourcecode.swift; path = CityOverview.swift; sourceTree = "<group>"; };
		54A654AF2ADFDE4A00BB1C26 /* DummyViewModel.swift */ = {isa = PBXFileReference; lastKnownFileType = sourcecode.swift; path = DummyViewModel.swift; sourceTree = "<group>"; };
		54A654B22ADFDE9300BB1C26 /* DummyCityData.swift */ = {isa = PBXFileReference; lastKnownFileType = sourcecode.swift; path = DummyCityData.swift; sourceTree = "<group>"; };
		54A654B42ADFE9C100BB1C26 /* DailyForecast.swift */ = {isa = PBXFileReference; lastKnownFileType = sourcecode.swift; path = DailyForecast.swift; sourceTree = "<group>"; };
		54A654B62ADFF70300BB1C26 /* AllDaysForecast.swift */ = {isa = PBXFileReference; lastKnownFileType = sourcecode.swift; path = AllDaysForecast.swift; sourceTree = "<group>"; };
		54AAAD932AB9C633006B03A8 /* TabViewDemo.swift */ = {isa = PBXFileReference; lastKnownFileType = sourcecode.swift; path = TabViewDemo.swift; sourceTree = "<group>"; };
		54F7BCDE2ADFA9770088C25F /* WeatherHome.swift */ = {isa = PBXFileReference; lastKnownFileType = sourcecode.swift; path = WeatherHome.swift; sourceTree = "<group>"; };
		54F9BB742AE00AE200D50447 /* DailyRow.swift */ = {isa = PBXFileReference; lastKnownFileType = sourcecode.swift; path = DailyRow.swift; sourceTree = "<group>"; };
/* End PBXFileReference section */

/* Begin PBXFrameworksBuildPhase section */
		548AC4B52AB47A15006AA7A5 /* Frameworks */ = {
			isa = PBXFrameworksBuildPhase;
			buildActionMask = 2147483647;
			files = (
				54146F792AE26B8B009879F2 /* SDWebImageSwiftUI in Frameworks */,
			);
			runOnlyForDeploymentPostprocessing = 0;
		};
		548AC4C62AB47A18006AA7A5 /* Frameworks */ = {
			isa = PBXFrameworksBuildPhase;
			buildActionMask = 2147483647;
			files = (
			);
			runOnlyForDeploymentPostprocessing = 0;
		};
		548AC4D02AB47A18006AA7A5 /* Frameworks */ = {
			isa = PBXFrameworksBuildPhase;
			buildActionMask = 2147483647;
			files = (
			);
			runOnlyForDeploymentPostprocessing = 0;
		};
/* End PBXFrameworksBuildPhase section */

/* Begin PBXGroup section */
		541135AC2ADFB2E100D7E5DE /* Views */ = {
			isa = PBXGroup;
			children = (
				54F9BB732AE00AAA00D50447 /* AllDaysModule */,
				54F7BCDE2ADFA9770088C25F /* WeatherHome.swift */,
				541135AF2ADFB31C00D7E5DE /* ValueDescriptionView.swift */,
				541135B12ADFC06D00D7E5DE /* HourlyBox.swift */,
				54A654AC2ADFDBB200BB1C26 /* CityOverview.swift */,
				54A654B42ADFE9C100BB1C26 /* DailyForecast.swift */,
			);
			path = Views;
			sourceTree = "<group>";
		};
		54146F6C2AE24F1C009879F2 /* Networking */ = {
			isa = PBXGroup;
			children = (
				54146F6D2AE24F32009879F2 /* WeatherService.swift */,
				54146F6F2AE25113009879F2 /* AppConstants.swift */,
			);
			path = Networking;
			sourceTree = "<group>";
		};
		54146F712AE25376009879F2 /* BasicLearnings */ = {
			isa = PBXGroup;
			children = (
				5408C0652AB5BBB2001966B1 /* ShapeClass.swift */,
				548AC4BD2AB47A15006AA7A5 /* ContentView.swift */,
				54AAAD932AB9C633006B03A8 /* TabViewDemo.swift */,
				54068BDA2AB750B0005CC3A6 /* AnimateFile.swift */,
				540402D72AC1821C0038A451 /* SubscriberClass.swift */,
				54068BDC2AB87EF5005CC3A6 /* ListView.swift */,
			);
			path = BasicLearnings;
			sourceTree = "<group>";
		};
		541913802AD90CFC008B3E7C /* UserList+Combine */ = {
			isa = PBXGroup;
			children = (
				5419138E2AD94EE4008B3E7C /* ViewModels */,
				541913892AD9494E008B3E7C /* Networking */,
				541913842AD91F33008B3E7C /* View */,
				541913812AD90D0C008B3E7C /* Model */,
			);
			path = "UserList+Combine";
			sourceTree = "<group>";
		};
		541913812AD90D0C008B3E7C /* Model */ = {
			isa = PBXGroup;
			children = (
				541913822AD90D1F008B3E7C /* User.swift */,
			);
			path = Model;
			sourceTree = "<group>";
		};
		541913842AD91F33008B3E7C /* View */ = {
			isa = PBXGroup;
			children = (
				541913852AD91F46008B3E7C /* UserRow.swift */,
				541913872AD92E37008B3E7C /* UserList.swift */,
				5419138F2ADD17BE008B3E7C /* LoaderView.swift */,
			);
			path = View;
			sourceTree = "<group>";
		};
		541913892AD9494E008B3E7C /* Networking */ = {
			isa = PBXGroup;
			children = (
				5419138A2AD9496B008B3E7C /* ApiService.swift */,
			);
			path = Networking;
			sourceTree = "<group>";
		};
		5419138E2AD94EE4008B3E7C /* ViewModels */ = {
			isa = PBXGroup;
			children = (
				5419138C2AD94EDD008B3E7C /* ListViewModel.swift */,
			);
			path = ViewModels;
			sourceTree = "<group>";
		};
		548AC4AF2AB47A15006AA7A5 = {
			isa = PBXGroup;
			children = (
				548AC4BA2AB47A15006AA7A5 /* SwiftUIApp */,
				548AC4CC2AB47A18006AA7A5 /* SwiftUIAppTests */,
				548AC4D62AB47A18006AA7A5 /* SwiftUIAppUITests */,
				548AC4B92AB47A15006AA7A5 /* Products */,
			);
			sourceTree = "<group>";
		};
		548AC4B92AB47A15006AA7A5 /* Products */ = {
			isa = PBXGroup;
			children = (
				548AC4B82AB47A15006AA7A5 /* SwiftUIApp.app */,
				548AC4C92AB47A18006AA7A5 /* SwiftUIAppTests.xctest */,
				548AC4D32AB47A18006AA7A5 /* SwiftUIAppUITests.xctest */,
			);
			name = Products;
			sourceTree = "<group>";
		};
		548AC4BA2AB47A15006AA7A5 /* SwiftUIApp */ = {
			isa = PBXGroup;
			children = (
				54F7BCDD2ADFA91F0088C25F /* WeatherApp */,
				541913802AD90CFC008B3E7C /* UserList+Combine */,
				54146F712AE25376009879F2 /* BasicLearnings */,
				548AC4BB2AB47A15006AA7A5 /* SwiftUIAppApp.swift */,
				5419137E2AD52C88008B3E7C /* Localizable.strings */,
				548AC4BF2AB47A18006AA7A5 /* Assets.xcassets */,
				548AC4C12AB47A18006AA7A5 /* SwiftUIApp.entitlements */,
				548AC4C22AB47A18006AA7A5 /* Preview Content */,
			);
			path = SwiftUIApp;
			sourceTree = "<group>";
		};
		548AC4C22AB47A18006AA7A5 /* Preview Content */ = {
			isa = PBXGroup;
			children = (
				548AC4C32AB47A18006AA7A5 /* Preview Assets.xcassets */,
			);
			path = "Preview Content";
			sourceTree = "<group>";
		};
		548AC4CC2AB47A18006AA7A5 /* SwiftUIAppTests */ = {
			isa = PBXGroup;
			children = (
				548AC4CD2AB47A18006AA7A5 /* SwiftUIAppTests.swift */,
			);
			path = SwiftUIAppTests;
			sourceTree = "<group>";
		};
		548AC4D62AB47A18006AA7A5 /* SwiftUIAppUITests */ = {
			isa = PBXGroup;
			children = (
				548AC4D72AB47A18006AA7A5 /* SwiftUIAppUITests.swift */,
				548AC4D92AB47A18006AA7A5 /* SwiftUIAppUITestsLaunchTests.swift */,
			);
			path = SwiftUIAppUITests;
			sourceTree = "<group>";
		};
		54A654AE2ADFDDA000BB1C26 /* ViewModels */ = {
			isa = PBXGroup;
			children = (
				54A654AF2ADFDE4A00BB1C26 /* DummyViewModel.swift */,
				54146F722AE256FA009879F2 /* CityOverViewModel.swift */,
			);
			path = ViewModels;
			sourceTree = "<group>";
		};
		54A654B12ADFDE8500BB1C26 /* Models */ = {
			isa = PBXGroup;
			children = (
				54A654B22ADFDE9300BB1C26 /* DummyCityData.swift */,
				54146F6A2AE1A11F009879F2 /* WeatherDetailedData.swift */,
				54146F7A2AE28D01009879F2 /* WeatherData.swift */,
			);
			path = Models;
			sourceTree = "<group>";
		};
		54F7BCDD2ADFA91F0088C25F /* WeatherApp */ = {
			isa = PBXGroup;
			children = (
				54146F6C2AE24F1C009879F2 /* Networking */,
				54A654B12ADFDE8500BB1C26 /* Models */,
				54A654AE2ADFDDA000BB1C26 /* ViewModels */,
				541135AC2ADFB2E100D7E5DE /* Views */,
			);
			path = WeatherApp;
			sourceTree = "<group>";
		};
		54F9BB732AE00AAA00D50447 /* AllDaysModule */ = {
			isa = PBXGroup;
			children = (
				54A654B62ADFF70300BB1C26 /* AllDaysForecast.swift */,
				54F9BB742AE00AE200D50447 /* DailyRow.swift */,
			);
			path = AllDaysModule;
			sourceTree = "<group>";
		};
/* End PBXGroup section */

/* Begin PBXNativeTarget section */
		548AC4B72AB47A15006AA7A5 /* SwiftUIApp */ = {
			isa = PBXNativeTarget;
			buildConfigurationList = 548AC4DD2AB47A18006AA7A5 /* Build configuration list for PBXNativeTarget "SwiftUIApp" */;
			buildPhases = (
				548AC4B42AB47A15006AA7A5 /* Sources */,
				548AC4B52AB47A15006AA7A5 /* Frameworks */,
				548AC4B62AB47A15006AA7A5 /* Resources */,
			);
			buildRules = (
			);
			dependencies = (
			);
			name = SwiftUIApp;
			packageProductDependencies = (
				54146F782AE26B8B009879F2 /* SDWebImageSwiftUI */,
			);
			productName = SwiftUIApp;
			productReference = 548AC4B82AB47A15006AA7A5 /* SwiftUIApp.app */;
			productType = "com.apple.product-type.application";
		};
		548AC4C82AB47A18006AA7A5 /* SwiftUIAppTests */ = {
			isa = PBXNativeTarget;
			buildConfigurationList = 548AC4E02AB47A18006AA7A5 /* Build configuration list for PBXNativeTarget "SwiftUIAppTests" */;
			buildPhases = (
				548AC4C52AB47A18006AA7A5 /* Sources */,
				548AC4C62AB47A18006AA7A5 /* Frameworks */,
				548AC4C72AB47A18006AA7A5 /* Resources */,
			);
			buildRules = (
			);
			dependencies = (
				548AC4CB2AB47A18006AA7A5 /* PBXTargetDependency */,
			);
			name = SwiftUIAppTests;
			productName = SwiftUIAppTests;
			productReference = 548AC4C92AB47A18006AA7A5 /* SwiftUIAppTests.xctest */;
			productType = "com.apple.product-type.bundle.unit-test";
		};
		548AC4D22AB47A18006AA7A5 /* SwiftUIAppUITests */ = {
			isa = PBXNativeTarget;
			buildConfigurationList = 548AC4E32AB47A18006AA7A5 /* Build configuration list for PBXNativeTarget "SwiftUIAppUITests" */;
			buildPhases = (
				548AC4CF2AB47A18006AA7A5 /* Sources */,
				548AC4D02AB47A18006AA7A5 /* Frameworks */,
				548AC4D12AB47A18006AA7A5 /* Resources */,
			);
			buildRules = (
			);
			dependencies = (
				548AC4D52AB47A18006AA7A5 /* PBXTargetDependency */,
			);
			name = SwiftUIAppUITests;
			productName = SwiftUIAppUITests;
			productReference = 548AC4D32AB47A18006AA7A5 /* SwiftUIAppUITests.xctest */;
			productType = "com.apple.product-type.bundle.ui-testing";
		};
/* End PBXNativeTarget section */

/* Begin PBXProject section */
		548AC4B02AB47A15006AA7A5 /* Project object */ = {
			isa = PBXProject;
			attributes = {
				BuildIndependentTargetsInParallel = 1;
				LastSwiftUpdateCheck = 1420;
				LastUpgradeCheck = 1420;
				TargetAttributes = {
					548AC4B72AB47A15006AA7A5 = {
						CreatedOnToolsVersion = 14.2;
					};
					548AC4C82AB47A18006AA7A5 = {
						CreatedOnToolsVersion = 14.2;
						TestTargetID = 548AC4B72AB47A15006AA7A5;
					};
					548AC4D22AB47A18006AA7A5 = {
						CreatedOnToolsVersion = 14.2;
						TestTargetID = 548AC4B72AB47A15006AA7A5;
					};
				};
			};
			buildConfigurationList = 548AC4B32AB47A15006AA7A5 /* Build configuration list for PBXProject "SwiftUIApp" */;
			compatibilityVersion = "Xcode 14.0";
			developmentRegion = en;
			hasScannedForEncodings = 0;
			knownRegions = (
				en,
				Base,
				fr,
			);
			mainGroup = 548AC4AF2AB47A15006AA7A5;
			packageReferences = (
				54146F772AE26B8B009879F2 /* XCRemoteSwiftPackageReference "SDWebImageSwiftUI" */,
			);
			productRefGroup = 548AC4B92AB47A15006AA7A5 /* Products */;
			projectDirPath = "";
			projectRoot = "";
			targets = (
				548AC4B72AB47A15006AA7A5 /* SwiftUIApp */,
				548AC4C82AB47A18006AA7A5 /* SwiftUIAppTests */,
				548AC4D22AB47A18006AA7A5 /* SwiftUIAppUITests */,
			);
		};
/* End PBXProject section */

/* Begin PBXResourcesBuildPhase section */
		548AC4B62AB47A15006AA7A5 /* Resources */ = {
			isa = PBXResourcesBuildPhase;
			buildActionMask = 2147483647;
			files = (
				548AC4C42AB47A18006AA7A5 /* Preview Assets.xcassets in Resources */,
				5419137C2AD52C88008B3E7C /* Localizable.strings in Resources */,
				548AC4C02AB47A18006AA7A5 /* Assets.xcassets in Resources */,
			);
			runOnlyForDeploymentPostprocessing = 0;
		};
		548AC4C72AB47A18006AA7A5 /* Resources */ = {
			isa = PBXResourcesBuildPhase;
			buildActionMask = 2147483647;
			files = (
			);
			runOnlyForDeploymentPostprocessing = 0;
		};
		548AC4D12AB47A18006AA7A5 /* Resources */ = {
			isa = PBXResourcesBuildPhase;
			buildActionMask = 2147483647;
			files = (
			);
			runOnlyForDeploymentPostprocessing = 0;
		};
/* End PBXResourcesBuildPhase section */

/* Begin PBXSourcesBuildPhase section */
		548AC4B42AB47A15006AA7A5 /* Sources */ = {
			isa = PBXSourcesBuildPhase;
			buildActionMask = 2147483647;
			files = (
				541913882AD92E37008B3E7C /* UserList.swift in Sources */,
				54A654B32ADFDE9300BB1C26 /* DummyCityData.swift in Sources */,
				54A654B02ADFDE4A00BB1C26 /* DummyViewModel.swift in Sources */,
				54A654AD2ADFDBB200BB1C26 /* CityOverview.swift in Sources */,
				54A654B52ADFE9C100BB1C26 /* DailyForecast.swift in Sources */,
				548AC4BE2AB47A15006AA7A5 /* ContentView.swift in Sources */,
				5419138D2AD94EDD008B3E7C /* ListViewModel.swift in Sources */,
				54F7BCDF2ADFA9770088C25F /* WeatherHome.swift in Sources */,
				541913902ADD17BE008B3E7C /* LoaderView.swift in Sources */,
				54A654B72ADFF70300BB1C26 /* AllDaysForecast.swift in Sources */,
				541913862AD91F46008B3E7C /* UserRow.swift in Sources */,
				541135B22ADFC06D00D7E5DE /* HourlyBox.swift in Sources */,
				540402D82AC1821C0038A451 /* SubscriberClass.swift in Sources */,
				5408C0662AB5BBB2001966B1 /* ShapeClass.swift in Sources */,
				541135B02ADFB31C00D7E5DE /* ValueDescriptionView.swift in Sources */,
				54146F732AE256FA009879F2 /* CityOverViewModel.swift in Sources */,
				54146F7B2AE28D01009879F2 /* WeatherData.swift in Sources */,
				54068BDD2AB87EF5005CC3A6 /* ListView.swift in Sources */,
				54146F6E2AE24F32009879F2 /* WeatherService.swift in Sources */,
				54F9BB752AE00AE200D50447 /* DailyRow.swift in Sources */,
				5419138B2AD9496B008B3E7C /* ApiService.swift in Sources */,
				54146F702AE25113009879F2 /* AppConstants.swift in Sources */,
				541913832AD90D1F008B3E7C /* User.swift in Sources */,
				54146F6B2AE1A11F009879F2 /* WeatherDetailedData.swift in Sources */,
				548AC4BC2AB47A15006AA7A5 /* SwiftUIAppApp.swift in Sources */,
				54AAAD942AB9C633006B03A8 /* TabViewDemo.swift in Sources */,
				54068BDB2AB750B0005CC3A6 /* AnimateFile.swift in Sources */,
			);
			runOnlyForDeploymentPostprocessing = 0;
		};
		548AC4C52AB47A18006AA7A5 /* Sources */ = {
			isa = PBXSourcesBuildPhase;
			buildActionMask = 2147483647;
			files = (
				548AC4CE2AB47A18006AA7A5 /* SwiftUIAppTests.swift in Sources */,
			);
			runOnlyForDeploymentPostprocessing = 0;
		};
		548AC4CF2AB47A18006AA7A5 /* Sources */ = {
			isa = PBXSourcesBuildPhase;
			buildActionMask = 2147483647;
			files = (
				548AC4DA2AB47A18006AA7A5 /* SwiftUIAppUITestsLaunchTests.swift in Sources */,
				548AC4D82AB47A18006AA7A5 /* SwiftUIAppUITests.swift in Sources */,
			);
			runOnlyForDeploymentPostprocessing = 0;
		};
/* End PBXSourcesBuildPhase section */

/* Begin PBXTargetDependency section */
		548AC4CB2AB47A18006AA7A5 /* PBXTargetDependency */ = {
			isa = PBXTargetDependency;
			target = 548AC4B72AB47A15006AA7A5 /* SwiftUIApp */;
			targetProxy = 548AC4CA2AB47A18006AA7A5 /* PBXContainerItemProxy */;
		};
		548AC4D52AB47A18006AA7A5 /* PBXTargetDependency */ = {
			isa = PBXTargetDependency;
			target = 548AC4B72AB47A15006AA7A5 /* SwiftUIApp */;
			targetProxy = 548AC4D42AB47A18006AA7A5 /* PBXContainerItemProxy */;
		};
/* End PBXTargetDependency section */

/* Begin PBXVariantGroup section */
		5419137E2AD52C88008B3E7C /* Localizable.strings */ = {
			isa = PBXVariantGroup;
			children = (
				5419137D2AD52C88008B3E7C /* en */,
				5419137F2AD52CAA008B3E7C /* fr */,
			);
			name = Localizable.strings;
			sourceTree = "<group>";
		};
/* End PBXVariantGroup section */

/* Begin XCBuildConfiguration section */
		548AC4DB2AB47A18006AA7A5 /* Debug */ = {
			isa = XCBuildConfiguration;
			buildSettings = {
				ALWAYS_SEARCH_USER_PATHS = NO;
				CLANG_ANALYZER_LOCALIZABILITY_NONLOCALIZED = YES;
				CLANG_ANALYZER_NONNULL = YES;
				CLANG_ANALYZER_NUMBER_OBJECT_CONVERSION = YES_AGGRESSIVE;
				CLANG_CXX_LANGUAGE_STANDARD = "gnu++20";
				CLANG_ENABLE_MODULES = YES;
				CLANG_ENABLE_OBJC_ARC = YES;
				CLANG_ENABLE_OBJC_WEAK = YES;
				CLANG_WARN_BLOCK_CAPTURE_AUTORELEASING = YES;
				CLANG_WARN_BOOL_CONVERSION = YES;
				CLANG_WARN_COMMA = YES;
				CLANG_WARN_CONSTANT_CONVERSION = YES;
				CLANG_WARN_DEPRECATED_OBJC_IMPLEMENTATIONS = YES;
				CLANG_WARN_DIRECT_OBJC_ISA_USAGE = YES_ERROR;
				CLANG_WARN_DOCUMENTATION_COMMENTS = YES;
				CLANG_WARN_EMPTY_BODY = YES;
				CLANG_WARN_ENUM_CONVERSION = YES;
				CLANG_WARN_INFINITE_RECURSION = YES;
				CLANG_WARN_INT_CONVERSION = YES;
				CLANG_WARN_NON_LITERAL_NULL_CONVERSION = YES;
				CLANG_WARN_OBJC_IMPLICIT_RETAIN_SELF = YES;
				CLANG_WARN_OBJC_LITERAL_CONVERSION = YES;
				CLANG_WARN_OBJC_ROOT_CLASS = YES_ERROR;
				CLANG_WARN_QUOTED_INCLUDE_IN_FRAMEWORK_HEADER = YES;
				CLANG_WARN_RANGE_LOOP_ANALYSIS = YES;
				CLANG_WARN_STRICT_PROTOTYPES = YES;
				CLANG_WARN_SUSPICIOUS_MOVE = YES;
				CLANG_WARN_UNGUARDED_AVAILABILITY = YES_AGGRESSIVE;
				CLANG_WARN_UNREACHABLE_CODE = YES;
				CLANG_WARN__DUPLICATE_METHOD_MATCH = YES;
				COPY_PHASE_STRIP = NO;
				DEBUG_INFORMATION_FORMAT = dwarf;
				ENABLE_STRICT_OBJC_MSGSEND = YES;
				ENABLE_TESTABILITY = YES;
				GCC_C_LANGUAGE_STANDARD = gnu11;
				GCC_DYNAMIC_NO_PIC = NO;
				GCC_NO_COMMON_BLOCKS = YES;
				GCC_OPTIMIZATION_LEVEL = 0;
				GCC_PREPROCESSOR_DEFINITIONS = (
					"DEBUG=1",
					"$(inherited)",
				);
				GCC_WARN_64_TO_32_BIT_CONVERSION = YES;
				GCC_WARN_ABOUT_RETURN_TYPE = YES_ERROR;
				GCC_WARN_UNDECLARED_SELECTOR = YES;
				GCC_WARN_UNINITIALIZED_AUTOS = YES_AGGRESSIVE;
				GCC_WARN_UNUSED_FUNCTION = YES;
				GCC_WARN_UNUSED_VARIABLE = YES;
				MTL_ENABLE_DEBUG_INFO = INCLUDE_SOURCE;
				MTL_FAST_MATH = YES;
				ONLY_ACTIVE_ARCH = YES;
				SWIFT_ACTIVE_COMPILATION_CONDITIONS = DEBUG;
				SWIFT_OPTIMIZATION_LEVEL = "-Onone";
			};
			name = Debug;
		};
		548AC4DC2AB47A18006AA7A5 /* Release */ = {
			isa = XCBuildConfiguration;
			buildSettings = {
				ALWAYS_SEARCH_USER_PATHS = NO;
				CLANG_ANALYZER_LOCALIZABILITY_NONLOCALIZED = YES;
				CLANG_ANALYZER_NONNULL = YES;
				CLANG_ANALYZER_NUMBER_OBJECT_CONVERSION = YES_AGGRESSIVE;
				CLANG_CXX_LANGUAGE_STANDARD = "gnu++20";
				CLANG_ENABLE_MODULES = YES;
				CLANG_ENABLE_OBJC_ARC = YES;
				CLANG_ENABLE_OBJC_WEAK = YES;
				CLANG_WARN_BLOCK_CAPTURE_AUTORELEASING = YES;
				CLANG_WARN_BOOL_CONVERSION = YES;
				CLANG_WARN_COMMA = YES;
				CLANG_WARN_CONSTANT_CONVERSION = YES;
				CLANG_WARN_DEPRECATED_OBJC_IMPLEMENTATIONS = YES;
				CLANG_WARN_DIRECT_OBJC_ISA_USAGE = YES_ERROR;
				CLANG_WARN_DOCUMENTATION_COMMENTS = YES;
				CLANG_WARN_EMPTY_BODY = YES;
				CLANG_WARN_ENUM_CONVERSION = YES;
				CLANG_WARN_INFINITE_RECURSION = YES;
				CLANG_WARN_INT_CONVERSION = YES;
				CLANG_WARN_NON_LITERAL_NULL_CONVERSION = YES;
				CLANG_WARN_OBJC_IMPLICIT_RETAIN_SELF = YES;
				CLANG_WARN_OBJC_LITERAL_CONVERSION = YES;
				CLANG_WARN_OBJC_ROOT_CLASS = YES_ERROR;
				CLANG_WARN_QUOTED_INCLUDE_IN_FRAMEWORK_HEADER = YES;
				CLANG_WARN_RANGE_LOOP_ANALYSIS = YES;
				CLANG_WARN_STRICT_PROTOTYPES = YES;
				CLANG_WARN_SUSPICIOUS_MOVE = YES;
				CLANG_WARN_UNGUARDED_AVAILABILITY = YES_AGGRESSIVE;
				CLANG_WARN_UNREACHABLE_CODE = YES;
				CLANG_WARN__DUPLICATE_METHOD_MATCH = YES;
				COPY_PHASE_STRIP = NO;
				DEBUG_INFORMATION_FORMAT = "dwarf-with-dsym";
				ENABLE_NS_ASSERTIONS = NO;
				ENABLE_STRICT_OBJC_MSGSEND = YES;
				GCC_C_LANGUAGE_STANDARD = gnu11;
				GCC_NO_COMMON_BLOCKS = YES;
				GCC_WARN_64_TO_32_BIT_CONVERSION = YES;
				GCC_WARN_ABOUT_RETURN_TYPE = YES_ERROR;
				GCC_WARN_UNDECLARED_SELECTOR = YES;
				GCC_WARN_UNINITIALIZED_AUTOS = YES_AGGRESSIVE;
				GCC_WARN_UNUSED_FUNCTION = YES;
				GCC_WARN_UNUSED_VARIABLE = YES;
				MTL_ENABLE_DEBUG_INFO = NO;
				MTL_FAST_MATH = YES;
				SWIFT_COMPILATION_MODE = wholemodule;
				SWIFT_OPTIMIZATION_LEVEL = "-O";
			};
			name = Release;
		};
		548AC4DE2AB47A18006AA7A5 /* Debug */ = {
			isa = XCBuildConfiguration;
			buildSettings = {
				ASSETCATALOG_COMPILER_APPICON_NAME = AppIcon;
				ASSETCATALOG_COMPILER_GLOBAL_ACCENT_COLOR_NAME = AccentColor;
				CODE_SIGN_ENTITLEMENTS = SwiftUIApp/SwiftUIApp.entitlements;
				CODE_SIGN_STYLE = Automatic;
				CURRENT_PROJECT_VERSION = 1;
				DEVELOPMENT_ASSET_PATHS = "\"SwiftUIApp/Preview Content\"";
				ENABLE_PREVIEWS = YES;
				GENERATE_INFOPLIST_FILE = YES;
				"INFOPLIST_KEY_UIApplicationSceneManifest_Generation[sdk=iphoneos*]" = YES;
				"INFOPLIST_KEY_UIApplicationSceneManifest_Generation[sdk=iphonesimulator*]" = YES;
				"INFOPLIST_KEY_UIApplicationSupportsIndirectInputEvents[sdk=iphoneos*]" = YES;
				"INFOPLIST_KEY_UIApplicationSupportsIndirectInputEvents[sdk=iphonesimulator*]" = YES;
				"INFOPLIST_KEY_UILaunchScreen_Generation[sdk=iphoneos*]" = YES;
				"INFOPLIST_KEY_UILaunchScreen_Generation[sdk=iphonesimulator*]" = YES;
				"INFOPLIST_KEY_UIStatusBarStyle[sdk=iphoneos*]" = UIStatusBarStyleDefault;
				"INFOPLIST_KEY_UIStatusBarStyle[sdk=iphonesimulator*]" = UIStatusBarStyleDefault;
				INFOPLIST_KEY_UISupportedInterfaceOrientations_iPad = "UIInterfaceOrientationPortrait UIInterfaceOrientationPortraitUpsideDown UIInterfaceOrientationLandscapeLeft UIInterfaceOrientationLandscapeRight";
				INFOPLIST_KEY_UISupportedInterfaceOrientations_iPhone = "UIInterfaceOrientationPortrait UIInterfaceOrientationLandscapeLeft UIInterfaceOrientationLandscapeRight";
				IPHONEOS_DEPLOYMENT_TARGET = 16.2;
				LD_RUNPATH_SEARCH_PATHS = "@executable_path/Frameworks";
				"LD_RUNPATH_SEARCH_PATHS[sdk=macosx*]" = "@executable_path/../Frameworks";
				MACOSX_DEPLOYMENT_TARGET = 12.6;
				MARKETING_VERSION = 1.0;
				PRODUCT_BUNDLE_IDENTIFIER = com.nagarro.SwiftUIApp;
				PRODUCT_NAME = "$(TARGET_NAME)";
				SDKROOT = auto;
				SUPPORTED_PLATFORMS = "iphoneos iphonesimulator macosx";
				SWIFT_EMIT_LOC_STRINGS = YES;
				SWIFT_VERSION = 5.0;
				TARGETED_DEVICE_FAMILY = "1,2";
			};
			name = Debug;
		};
		548AC4DF2AB47A18006AA7A5 /* Release */ = {
			isa = XCBuildConfiguration;
			buildSettings = {
				ASSETCATALOG_COMPILER_APPICON_NAME = AppIcon;
				ASSETCATALOG_COMPILER_GLOBAL_ACCENT_COLOR_NAME = AccentColor;
				CODE_SIGN_ENTITLEMENTS = SwiftUIApp/SwiftUIApp.entitlements;
				CODE_SIGN_STYLE = Automatic;
				CURRENT_PROJECT_VERSION = 1;
				DEVELOPMENT_ASSET_PATHS = "\"SwiftUIApp/Preview Content\"";
				ENABLE_PREVIEWS = YES;
				GENERATE_INFOPLIST_FILE = YES;
				"INFOPLIST_KEY_UIApplicationSceneManifest_Generation[sdk=iphoneos*]" = YES;
				"INFOPLIST_KEY_UIApplicationSceneManifest_Generation[sdk=iphonesimulator*]" = YES;
				"INFOPLIST_KEY_UIApplicationSupportsIndirectInputEvents[sdk=iphoneos*]" = YES;
				"INFOPLIST_KEY_UIApplicationSupportsIndirectInputEvents[sdk=iphonesimulator*]" = YES;
				"INFOPLIST_KEY_UILaunchScreen_Generation[sdk=iphoneos*]" = YES;
				"INFOPLIST_KEY_UILaunchScreen_Generation[sdk=iphonesimulator*]" = YES;
				"INFOPLIST_KEY_UIStatusBarStyle[sdk=iphoneos*]" = UIStatusBarStyleDefault;
				"INFOPLIST_KEY_UIStatusBarStyle[sdk=iphonesimulator*]" = UIStatusBarStyleDefault;
				INFOPLIST_KEY_UISupportedInterfaceOrientations_iPad = "UIInterfaceOrientationPortrait UIInterfaceOrientationPortraitUpsideDown UIInterfaceOrientationLandscapeLeft UIInterfaceOrientationLandscapeRight";
				INFOPLIST_KEY_UISupportedInterfaceOrientations_iPhone = "UIInterfaceOrientationPortrait UIInterfaceOrientationLandscapeLeft UIInterfaceOrientationLandscapeRight";
				IPHONEOS_DEPLOYMENT_TARGET = 16.2;
				LD_RUNPATH_SEARCH_PATHS = "@executable_path/Frameworks";
				"LD_RUNPATH_SEARCH_PATHS[sdk=macosx*]" = "@executable_path/../Frameworks";
				MACOSX_DEPLOYMENT_TARGET = 12.6;
				MARKETING_VERSION = 1.0;
				PRODUCT_BUNDLE_IDENTIFIER = com.nagarro.SwiftUIApp;
				PRODUCT_NAME = "$(TARGET_NAME)";
				SDKROOT = auto;
				SUPPORTED_PLATFORMS = "iphoneos iphonesimulator macosx";
				SWIFT_EMIT_LOC_STRINGS = YES;
				SWIFT_VERSION = 5.0;
				TARGETED_DEVICE_FAMILY = "1,2";
			};
			name = Release;
		};
		548AC4E12AB47A18006AA7A5 /* Debug */ = {
			isa = XCBuildConfiguration;
			buildSettings = {
				ALWAYS_EMBED_SWIFT_STANDARD_LIBRARIES = YES;
				BUNDLE_LOADER = "$(TEST_HOST)";
				CODE_SIGN_STYLE = Automatic;
				CURRENT_PROJECT_VERSION = 1;
				GENERATE_INFOPLIST_FILE = YES;
				IPHONEOS_DEPLOYMENT_TARGET = 16.2;
				MACOSX_DEPLOYMENT_TARGET = 12.6;
				MARKETING_VERSION = 1.0;
				PRODUCT_BUNDLE_IDENTIFIER = com.nagarro.SwiftUIAppTests;
				PRODUCT_NAME = "$(TARGET_NAME)";
				SDKROOT = auto;
				SUPPORTED_PLATFORMS = "iphoneos iphonesimulator macosx";
				SWIFT_EMIT_LOC_STRINGS = NO;
				SWIFT_VERSION = 5.0;
				TARGETED_DEVICE_FAMILY = "1,2";
				TEST_HOST = "$(BUILT_PRODUCTS_DIR)/SwiftUIApp.app/$(BUNDLE_EXECUTABLE_FOLDER_PATH)/SwiftUIApp";
			};
			name = Debug;
		};
		548AC4E22AB47A18006AA7A5 /* Release */ = {
			isa = XCBuildConfiguration;
			buildSettings = {
				ALWAYS_EMBED_SWIFT_STANDARD_LIBRARIES = YES;
				BUNDLE_LOADER = "$(TEST_HOST)";
				CODE_SIGN_STYLE = Automatic;
				CURRENT_PROJECT_VERSION = 1;
				GENERATE_INFOPLIST_FILE = YES;
				IPHONEOS_DEPLOYMENT_TARGET = 16.2;
				MACOSX_DEPLOYMENT_TARGET = 12.6;
				MARKETING_VERSION = 1.0;
				PRODUCT_BUNDLE_IDENTIFIER = com.nagarro.SwiftUIAppTests;
				PRODUCT_NAME = "$(TARGET_NAME)";
				SDKROOT = auto;
				SUPPORTED_PLATFORMS = "iphoneos iphonesimulator macosx";
				SWIFT_EMIT_LOC_STRINGS = NO;
				SWIFT_VERSION = 5.0;
				TARGETED_DEVICE_FAMILY = "1,2";
				TEST_HOST = "$(BUILT_PRODUCTS_DIR)/SwiftUIApp.app/$(BUNDLE_EXECUTABLE_FOLDER_PATH)/SwiftUIApp";
			};
			name = Release;
		};
		548AC4E42AB47A18006AA7A5 /* Debug */ = {
			isa = XCBuildConfiguration;
			buildSettings = {
				ALWAYS_EMBED_SWIFT_STANDARD_LIBRARIES = YES;
				CODE_SIGN_STYLE = Automatic;
				CURRENT_PROJECT_VERSION = 1;
				GENERATE_INFOPLIST_FILE = YES;
				IPHONEOS_DEPLOYMENT_TARGET = 16.2;
				MACOSX_DEPLOYMENT_TARGET = 12.6;
				MARKETING_VERSION = 1.0;
				PRODUCT_BUNDLE_IDENTIFIER = com.nagarro.SwiftUIAppUITests;
				PRODUCT_NAME = "$(TARGET_NAME)";
				SDKROOT = auto;
				SUPPORTED_PLATFORMS = "iphoneos iphonesimulator macosx";
				SWIFT_EMIT_LOC_STRINGS = NO;
				SWIFT_VERSION = 5.0;
				TARGETED_DEVICE_FAMILY = "1,2";
				TEST_TARGET_NAME = SwiftUIApp;
			};
			name = Debug;
		};
		548AC4E52AB47A18006AA7A5 /* Release */ = {
			isa = XCBuildConfiguration;
			buildSettings = {
				ALWAYS_EMBED_SWIFT_STANDARD_LIBRARIES = YES;
				CODE_SIGN_STYLE = Automatic;
				CURRENT_PROJECT_VERSION = 1;
				GENERATE_INFOPLIST_FILE = YES;
				IPHONEOS_DEPLOYMENT_TARGET = 16.2;
				MACOSX_DEPLOYMENT_TARGET = 12.6;
				MARKETING_VERSION = 1.0;
				PRODUCT_BUNDLE_IDENTIFIER = com.nagarro.SwiftUIAppUITests;
				PRODUCT_NAME = "$(TARGET_NAME)";
				SDKROOT = auto;
				SUPPORTED_PLATFORMS = "iphoneos iphonesimulator macosx";
				SWIFT_EMIT_LOC_STRINGS = NO;
				SWIFT_VERSION = 5.0;
				TARGETED_DEVICE_FAMILY = "1,2";
				TEST_TARGET_NAME = SwiftUIApp;
			};
			name = Release;
		};
/* End XCBuildConfiguration section */

/* Begin XCConfigurationList section */
		548AC4B32AB47A15006AA7A5 /* Build configuration list for PBXProject "SwiftUIApp" */ = {
			isa = XCConfigurationList;
			buildConfigurations = (
				548AC4DB2AB47A18006AA7A5 /* Debug */,
				548AC4DC2AB47A18006AA7A5 /* Release */,
			);
			defaultConfigurationIsVisible = 0;
			defaultConfigurationName = Release;
		};
		548AC4DD2AB47A18006AA7A5 /* Build configuration list for PBXNativeTarget "SwiftUIApp" */ = {
			isa = XCConfigurationList;
			buildConfigurations = (
				548AC4DE2AB47A18006AA7A5 /* Debug */,
				548AC4DF2AB47A18006AA7A5 /* Release */,
			);
			defaultConfigurationIsVisible = 0;
			defaultConfigurationName = Release;
		};
		548AC4E02AB47A18006AA7A5 /* Build configuration list for PBXNativeTarget "SwiftUIAppTests" */ = {
			isa = XCConfigurationList;
			buildConfigurations = (
				548AC4E12AB47A18006AA7A5 /* Debug */,
				548AC4E22AB47A18006AA7A5 /* Release */,
			);
			defaultConfigurationIsVisible = 0;
			defaultConfigurationName = Release;
		};
		548AC4E32AB47A18006AA7A5 /* Build configuration list for PBXNativeTarget "SwiftUIAppUITests" */ = {
			isa = XCConfigurationList;
			buildConfigurations = (
				548AC4E42AB47A18006AA7A5 /* Debug */,
				548AC4E52AB47A18006AA7A5 /* Release */,
			);
			defaultConfigurationIsVisible = 0;
			defaultConfigurationName = Release;
		};
/* End XCConfigurationList section */

/* Begin XCRemoteSwiftPackageReference section */
		54146F772AE26B8B009879F2 /* XCRemoteSwiftPackageReference "SDWebImageSwiftUI" */ = {
			isa = XCRemoteSwiftPackageReference;
			repositoryURL = "https://github.com/SDWebImage/SDWebImageSwiftUI";
			requirement = {
				kind = upToNextMajorVersion;
				minimumVersion = 2.0.0;
			};
		};
/* End XCRemoteSwiftPackageReference section */

/* Begin XCSwiftPackageProductDependency section */
		54146F782AE26B8B009879F2 /* SDWebImageSwiftUI */ = {
			isa = XCSwiftPackageProductDependency;
			package = 54146F772AE26B8B009879F2 /* XCRemoteSwiftPackageReference "SDWebImageSwiftUI" */;
			productName = SDWebImageSwiftUI;
		};
/* End XCSwiftPackageProductDependency section */
	};
	rootObject = 548AC4B02AB47A15006AA7A5 /* Project object */;
}
